
Microsoft Visual Studio Solution File, Format Version 12.00
# Visual Studio Version 17
VisualStudioVersion = 17.3.32929.385
MinimumVisualStudioVersion = 10.0.40219.1
Project("{9A19103F-16F7-4668-BE54-9A1E7A4F7556}") = "EFStoredProcedure", "Samples\EFStoredProcedure.csproj", "{ECD0E827-2261-45B5-9AEF-35A4A3DDA8B4}"
EndProject
Global
	GlobalSection(SolutionConfigurationPlatforms) = preSolution
		Debug|Any CPU = Debug|Any CPU
		Release|Any CPU = Release|Any CPU
	EndGlobalSection
	GlobalSection(ProjectConfigurationPlatforms) = postSolution
		{ECD0E827-2261-45B5-9AEF-35A4A3DDA8B4}.Debug|Any CPU.ActiveCfg = Debug|Any CPU
		{ECD0E827-2261-45B5-9AEF-35A4A3DDA8B4}.Debug|Any CPU.Build.0 = Debug|Any CPU
		{ECD0E827-2261-45B5-9AEF-35A4A3DDA8B4}.Release|Any CPU.ActiveCfg = Release|Any CPU
		{ECD0E827-2261-45B5-9AEF-35A4A3DDA8B4}.Release|Any CPU.Build.0 = Release|Any CPU
	EndGlobalSection
	GlobalSection(SolutionProperties) = preSolution
		HideSolutionNode = FALSE
	EndGlobalSection
	GlobalSection(ExtensibilityGlobals) = postSolution
		SolutionGuid = {497C27F2-417F-4AA2-BA1F-C18D747A2E3A}
	EndGlobalSection
EndGlobal
